// !$*UTF8*$!
{
	archiveVersion = 1;
	classes = {
	};
	objectVersion = 55;
	objects = {

/* Begin PBXBuildFile section */
		173B4B5127A9703B00A0ED76 /* AppDelegate.swift in Sources */ = {isa = PBXBuildFile; fileRef = 173B4B5027A9703B00A0ED76 /* AppDelegate.swift */; };
		173B4B5327A9703B00A0ED76 /* SceneDelegate.swift in Sources */ = {isa = PBXBuildFile; fileRef = 173B4B5227A9703B00A0ED76 /* SceneDelegate.swift */; };
		173B4B5527A9703B00A0ED76 /* ViewController.swift in Sources */ = {isa = PBXBuildFile; fileRef = 173B4B5427A9703B00A0ED76 /* ViewController.swift */; };
		173B4B5827A9703B00A0ED76 /* Main.storyboard in Resources */ = {isa = PBXBuildFile; fileRef = 173B4B5627A9703B00A0ED76 /* Main.storyboard */; };
		173B4B5A27A9703C00A0ED76 /* Assets.xcassets in Resources */ = {isa = PBXBuildFile; fileRef = 173B4B5927A9703C00A0ED76 /* Assets.xcassets */; };
		173B4B5D27A9703C00A0ED76 /* LaunchScreen.storyboard in Resources */ = {isa = PBXBuildFile; fileRef = 173B4B5B27A9703C00A0ED76 /* LaunchScreen.storyboard */; };
		173B4B6827A9703D00A0ED76 /* TableViewBindersTests.swift in Sources */ = {isa = PBXBuildFile; fileRef = 173B4B6727A9703D00A0ED76 /* TableViewBindersTests.swift */; };
		173B4B7227A9703D00A0ED76 /* TableViewBindersUITests.swift in Sources */ = {isa = PBXBuildFile; fileRef = 173B4B7127A9703D00A0ED76 /* TableViewBindersUITests.swift */; };
		173B4B7427A9703D00A0ED76 /* TableViewBindersUITestsLaunchTests.swift in Sources */ = {isa = PBXBuildFile; fileRef = 173B4B7327A9703D00A0ED76 /* TableViewBindersUITestsLaunchTests.swift */; };
		173B4B8227A971D600A0ED76 /* Functional.swift in Sources */ = {isa = PBXBuildFile; fileRef = 173B4B8127A971D600A0ED76 /* Functional.swift */; };
		173B4B8927A9729700A0ED76 /* BinderCell.swift in Sources */ = {isa = PBXBuildFile; fileRef = 173B4B8827A9729700A0ED76 /* BinderCell.swift */; };
		173B4B8B27A972A100A0ED76 /* BinderModel.swift in Sources */ = {isa = PBXBuildFile; fileRef = 173B4B8A27A972A100A0ED76 /* BinderModel.swift */; };
		173B4B8D27A973AD00A0ED76 /* BinderDataSource.swift in Sources */ = {isa = PBXBuildFile; fileRef = 173B4B8C27A973AD00A0ED76 /* BinderDataSource.swift */; };
		F7C4CE5427AA6CB200C655BC /* ImageCellBinderTableViewCell.swift in Sources */ = {isa = PBXBuildFile; fileRef = F7C4CE5227AA6CB200C655BC /* ImageCellBinderTableViewCell.swift */; };
		F7C4CE5527AA6CB200C655BC /* ImageCellBinderTableViewCell.xib in Resources */ = {isa = PBXBuildFile; fileRef = F7C4CE5327AA6CB200C655BC /* ImageCellBinderTableViewCell.xib */; };
		F7C4CE5727AA6CEA00C655BC /* ImageCellBinderModel.swift in Sources */ = {isa = PBXBuildFile; fileRef = F7C4CE5627AA6CEA00C655BC /* ImageCellBinderModel.swift */; };
		F7C4CE5B27AA6E5700C655BC /* TitleCellBinderTableViewCell.swift in Sources */ = {isa = PBXBuildFile; fileRef = F7C4CE5927AA6E5700C655BC /* TitleCellBinderTableViewCell.swift */; };
		F7C4CE5C27AA6E5700C655BC /* TitleCellBinderTableViewCell.xib in Resources */ = {isa = PBXBuildFile; fileRef = F7C4CE5A27AA6E5700C655BC /* TitleCellBinderTableViewCell.xib */; };
		F7C4CE5E27AA6E7C00C655BC /* TitleCellBinderModel.swift in Sources */ = {isa = PBXBuildFile; fileRef = F7C4CE5D27AA6E7C00C655BC /* TitleCellBinderModel.swift */; };
		F7C4CE6827AAB81800C655BC /* TableViewCellReusable.swift in Sources */ = {isa = PBXBuildFile; fileRef = F7C4CE6727AAB81800C655BC /* TableViewCellReusable.swift */; };
		F7FD0F05288E519D002A8C98 /* SafeAssert.swift in Sources */ = {isa = PBXBuildFile; fileRef = F7FD0F04288E519D002A8C98 /* SafeAssert.swift */; };
		F7FD0F07288E54DD002A8C98 /* ImageView.swift in Sources */ = {isa = PBXBuildFile; fileRef = F7FD0F06288E54DD002A8C98 /* ImageView.swift */; };
		F7FD0F09288E551F002A8C98 /* Cache.swift in Sources */ = {isa = PBXBuildFile; fileRef = F7FD0F08288E551F002A8C98 /* Cache.swift */; };
/* End PBXBuildFile section */

/* Begin PBXContainerItemProxy section */
		173B4B6427A9703C00A0ED76 /* PBXContainerItemProxy */ = {
			isa = PBXContainerItemProxy;
			containerPortal = 173B4B4527A9703B00A0ED76 /* Project object */;
			proxyType = 1;
			remoteGlobalIDString = 173B4B4C27A9703B00A0ED76;
			remoteInfo = TableViewBinders;
		};
		173B4B6E27A9703D00A0ED76 /* PBXContainerItemProxy */ = {
			isa = PBXContainerItemProxy;
			containerPortal = 173B4B4527A9703B00A0ED76 /* Project object */;
			proxyType = 1;
			remoteGlobalIDString = 173B4B4C27A9703B00A0ED76;
			remoteInfo = TableViewBinders;
		};
/* End PBXContainerItemProxy section */

/* Begin PBXFileReference section */
		173B4B4D27A9703B00A0ED76 /* TableViewBinders.app */ = {isa = PBXFileReference; explicitFileType = wrapper.application; includeInIndex = 0; path = TableViewBinders.app; sourceTree = BUILT_PRODUCTS_DIR; };
		173B4B5027A9703B00A0ED76 /* AppDelegate.swift */ = {isa = PBXFileReference; lastKnownFileType = sourcecode.swift; path = AppDelegate.swift; sourceTree = "<group>"; };
		173B4B5227A9703B00A0ED76 /* SceneDelegate.swift */ = {isa = PBXFileReference; lastKnownFileType = sourcecode.swift; path = SceneDelegate.swift; sourceTree = "<group>"; };
		173B4B5427A9703B00A0ED76 /* ViewController.swift */ = {isa = PBXFileReference; lastKnownFileType = sourcecode.swift; path = ViewController.swift; sourceTree = "<group>"; };
		173B4B5727A9703B00A0ED76 /* Base */ = {isa = PBXFileReference; lastKnownFileType = file.storyboard; name = Base; path = Base.lproj/Main.storyboard; sourceTree = "<group>"; };
		173B4B5927A9703C00A0ED76 /* Assets.xcassets */ = {isa = PBXFileReference; lastKnownFileType = folder.assetcatalog; path = Assets.xcassets; sourceTree = "<group>"; };
		173B4B5C27A9703C00A0ED76 /* Base */ = {isa = PBXFileReference; lastKnownFileType = file.storyboard; name = Base; path = Base.lproj/LaunchScreen.storyboard; sourceTree = "<group>"; };
		173B4B5E27A9703C00A0ED76 /* Info.plist */ = {isa = PBXFileReference; lastKnownFileType = text.plist.xml; path = Info.plist; sourceTree = "<group>"; };
		173B4B6327A9703C00A0ED76 /* TableViewBindersTests.xctest */ = {isa = PBXFileReference; explicitFileType = wrapper.cfbundle; includeInIndex = 0; path = TableViewBindersTests.xctest; sourceTree = BUILT_PRODUCTS_DIR; };
		173B4B6727A9703D00A0ED76 /* TableViewBindersTests.swift */ = {isa = PBXFileReference; lastKnownFileType = sourcecode.swift; path = TableViewBindersTests.swift; sourceTree = "<group>"; };
		173B4B6D27A9703D00A0ED76 /* TableViewBindersUITests.xctest */ = {isa = PBXFileReference; explicitFileType = wrapper.cfbundle; includeInIndex = 0; path = TableViewBindersUITests.xctest; sourceTree = BUILT_PRODUCTS_DIR; };
		173B4B7127A9703D00A0ED76 /* TableViewBindersUITests.swift */ = {isa = PBXFileReference; lastKnownFileType = sourcecode.swift; path = TableViewBindersUITests.swift; sourceTree = "<group>"; };
		173B4B7327A9703D00A0ED76 /* TableViewBindersUITestsLaunchTests.swift */ = {isa = PBXFileReference; lastKnownFileType = sourcecode.swift; path = TableViewBindersUITestsLaunchTests.swift; sourceTree = "<group>"; };
		173B4B8127A971D600A0ED76 /* Functional.swift */ = {isa = PBXFileReference; fileEncoding = 4; lastKnownFileType = sourcecode.swift; path = Functional.swift; sourceTree = "<group>"; };
		173B4B8827A9729700A0ED76 /* BinderCell.swift */ = {isa = PBXFileReference; lastKnownFileType = sourcecode.swift; path = BinderCell.swift; sourceTree = "<group>"; };
		173B4B8A27A972A100A0ED76 /* BinderModel.swift */ = {isa = PBXFileReference; lastKnownFileType = sourcecode.swift; path = BinderModel.swift; sourceTree = "<group>"; };
		173B4B8C27A973AD00A0ED76 /* BinderDataSource.swift */ = {isa = PBXFileReference; lastKnownFileType = sourcecode.swift; path = BinderDataSource.swift; sourceTree = "<group>"; };
		F7C4CE5227AA6CB200C655BC /* ImageCellBinderTableViewCell.swift */ = {isa = PBXFileReference; lastKnownFileType = sourcecode.swift; path = ImageCellBinderTableViewCell.swift; sourceTree = "<group>"; };
		F7C4CE5327AA6CB200C655BC /* ImageCellBinderTableViewCell.xib */ = {isa = PBXFileReference; lastKnownFileType = file.xib; path = ImageCellBinderTableViewCell.xib; sourceTree = "<group>"; };
		F7C4CE5627AA6CEA00C655BC /* ImageCellBinderModel.swift */ = {isa = PBXFileReference; lastKnownFileType = sourcecode.swift; path = ImageCellBinderModel.swift; sourceTree = "<group>"; };
		F7C4CE5927AA6E5700C655BC /* TitleCellBinderTableViewCell.swift */ = {isa = PBXFileReference; lastKnownFileType = sourcecode.swift; path = TitleCellBinderTableViewCell.swift; sourceTree = "<group>"; };
		F7C4CE5A27AA6E5700C655BC /* TitleCellBinderTableViewCell.xib */ = {isa = PBXFileReference; lastKnownFileType = file.xib; path = TitleCellBinderTableViewCell.xib; sourceTree = "<group>"; };
		F7C4CE5D27AA6E7C00C655BC /* TitleCellBinderModel.swift */ = {isa = PBXFileReference; lastKnownFileType = sourcecode.swift; path = TitleCellBinderModel.swift; sourceTree = "<group>"; };
		F7C4CE6727AAB81800C655BC /* TableViewCellReusable.swift */ = {isa = PBXFileReference; fileEncoding = 4; lastKnownFileType = sourcecode.swift; path = TableViewCellReusable.swift; sourceTree = "<group>"; };
		F7FD0F04288E519D002A8C98 /* SafeAssert.swift */ = {isa = PBXFileReference; lastKnownFileType = sourcecode.swift; path = SafeAssert.swift; sourceTree = "<group>"; };
		F7FD0F06288E54DD002A8C98 /* ImageView.swift */ = {isa = PBXFileReference; lastKnownFileType = sourcecode.swift; path = ImageView.swift; sourceTree = "<group>"; };
		F7FD0F08288E551F002A8C98 /* Cache.swift */ = {isa = PBXFileReference; lastKnownFileType = sourcecode.swift; path = Cache.swift; sourceTree = "<group>"; };
/* End PBXFileReference section */

/* Begin PBXFrameworksBuildPhase section */
		173B4B4A27A9703B00A0ED76 /* Frameworks */ = {
			isa = PBXFrameworksBuildPhase;
			buildActionMask = 2147483647;
			files = (
			);
			runOnlyForDeploymentPostprocessing = 0;
		};
		173B4B6027A9703C00A0ED76 /* Frameworks */ = {
			isa = PBXFrameworksBuildPhase;
			buildActionMask = 2147483647;
			files = (
			);
			runOnlyForDeploymentPostprocessing = 0;
		};
		173B4B6A27A9703D00A0ED76 /* Frameworks */ = {
			isa = PBXFrameworksBuildPhase;
			buildActionMask = 2147483647;
			files = (
			);
			runOnlyForDeploymentPostprocessing = 0;
		};
/* End PBXFrameworksBuildPhase section */

/* Begin PBXGroup section */
		173B4B4427A9703B00A0ED76 = {
			isa = PBXGroup;
			children = (
				173B4B4F27A9703B00A0ED76 /* TableViewBinders */,
				173B4B6627A9703D00A0ED76 /* TableViewBindersTests */,
				173B4B7027A9703D00A0ED76 /* TableViewBindersUITests */,
				173B4B4E27A9703B00A0ED76 /* Products */,
			);
			sourceTree = "<group>";
		};
		173B4B4E27A9703B00A0ED76 /* Products */ = {
			isa = PBXGroup;
			children = (
				173B4B4D27A9703B00A0ED76 /* TableViewBinders.app */,
				173B4B6327A9703C00A0ED76 /* TableViewBindersTests.xctest */,
				173B4B6D27A9703D00A0ED76 /* TableViewBindersUITests.xctest */,
			);
			name = Products;
			sourceTree = "<group>";
		};
		173B4B4F27A9703B00A0ED76 /* TableViewBinders */ = {
			isa = PBXGroup;
			children = (
				173B4B8027A971C600A0ED76 /* Helpers */,
				173B4B8727A9725900A0ED76 /* BindersImplementation */,
				173B4B8327A971E700A0ED76 /* ViewControllers */,
				173B4B8527A9722100A0ED76 /* Storyboards */,
				173B4B8627A9724A00A0ED76 /* Views */,
				173B4B8427A971F400A0ED76 /* Resources */,
				173B4B5027A9703B00A0ED76 /* AppDelegate.swift */,
				173B4B5E27A9703C00A0ED76 /* Info.plist */,
				173B4B5227A9703B00A0ED76 /* SceneDelegate.swift */,
			);
			path = TableViewBinders;
			sourceTree = "<group>";
		};
		173B4B6627A9703D00A0ED76 /* TableViewBindersTests */ = {
			isa = PBXGroup;
			children = (
				173B4B6727A9703D00A0ED76 /* TableViewBindersTests.swift */,
			);
			path = TableViewBindersTests;
			sourceTree = "<group>";
		};
		173B4B7027A9703D00A0ED76 /* TableViewBindersUITests */ = {
			isa = PBXGroup;
			children = (
				173B4B7127A9703D00A0ED76 /* TableViewBindersUITests.swift */,
				173B4B7327A9703D00A0ED76 /* TableViewBindersUITestsLaunchTests.swift */,
			);
			path = TableViewBindersUITests;
			sourceTree = "<group>";
		};
		173B4B8027A971C600A0ED76 /* Helpers */ = {
			isa = PBXGroup;
			children = (
				F7C4CE6727AAB81800C655BC /* TableViewCellReusable.swift */,
				173B4B8127A971D600A0ED76 /* Functional.swift */,
				F7FD0F04288E519D002A8C98 /* SafeAssert.swift */,
				F7FD0F06288E54DD002A8C98 /* ImageView.swift */,
				F7FD0F08288E551F002A8C98 /* Cache.swift */,
			);
			path = Helpers;
			sourceTree = "<group>";
		};
		173B4B8327A971E700A0ED76 /* ViewControllers */ = {
			isa = PBXGroup;
			children = (
				173B4B5427A9703B00A0ED76 /* ViewController.swift */,
			);
			path = ViewControllers;
			sourceTree = "<group>";
		};
		173B4B8427A971F400A0ED76 /* Resources */ = {
			isa = PBXGroup;
			children = (
				173B4B5927A9703C00A0ED76 /* Assets.xcassets */,
			);
			path = Resources;
			sourceTree = "<group>";
		};
		173B4B8527A9722100A0ED76 /* Storyboards */ = {
			isa = PBXGroup;
			children = (
				173B4B5627A9703B00A0ED76 /* Main.storyboard */,
				173B4B5B27A9703C00A0ED76 /* LaunchScreen.storyboard */,
			);
			path = Storyboards;
			sourceTree = "<group>";
		};
		173B4B8627A9724A00A0ED76 /* Views */ = {
			isa = PBXGroup;
			children = (
				F7C4CE5827AA6E3600C655BC /* TitleCellBinder */,
				F7C4CE4F27AA6C4F00C655BC /* ImageCellBinder */,
			);
			path = Views;
			sourceTree = "<group>";
		};
		173B4B8727A9725900A0ED76 /* BindersImplementation */ = {
			isa = PBXGroup;
			children = (
				173B4B8827A9729700A0ED76 /* BinderCell.swift */,
				173B4B8A27A972A100A0ED76 /* BinderModel.swift */,
				173B4B8C27A973AD00A0ED76 /* BinderDataSource.swift */,
			);
			path = BindersImplementation;
			sourceTree = "<group>";
		};
		F7C4CE4F27AA6C4F00C655BC /* ImageCellBinder */ = {
			isa = PBXGroup;
			children = (
				F7C4CE5227AA6CB200C655BC /* ImageCellBinderTableViewCell.swift */,
				F7C4CE5327AA6CB200C655BC /* ImageCellBinderTableViewCell.xib */,
				F7C4CE5627AA6CEA00C655BC /* ImageCellBinderModel.swift */,
			);
			path = ImageCellBinder;
			sourceTree = "<group>";
		};
		F7C4CE5827AA6E3600C655BC /* TitleCellBinder */ = {
			isa = PBXGroup;
			children = (
				F7C4CE5927AA6E5700C655BC /* TitleCellBinderTableViewCell.swift */,
				F7C4CE5A27AA6E5700C655BC /* TitleCellBinderTableViewCell.xib */,
				F7C4CE5D27AA6E7C00C655BC /* TitleCellBinderModel.swift */,
			);
			path = TitleCellBinder;
			sourceTree = "<group>";
		};
/* End PBXGroup section */

/* Begin PBXNativeTarget section */
		173B4B4C27A9703B00A0ED76 /* TableViewBinders */ = {
			isa = PBXNativeTarget;
			buildConfigurationList = 173B4B7727A9703D00A0ED76 /* Build configuration list for PBXNativeTarget "TableViewBinders" */;
			buildPhases = (
				173B4B4927A9703B00A0ED76 /* Sources */,
				173B4B4A27A9703B00A0ED76 /* Frameworks */,
				173B4B4B27A9703B00A0ED76 /* Resources */,
			);
			buildRules = (
			);
			dependencies = (
			);
			name = TableViewBinders;
			productName = TableViewBinders;
			productReference = 173B4B4D27A9703B00A0ED76 /* TableViewBinders.app */;
			productType = "com.apple.product-type.application";
		};
		173B4B6227A9703C00A0ED76 /* TableViewBindersTests */ = {
			isa = PBXNativeTarget;
			buildConfigurationList = 173B4B7A27A9703D00A0ED76 /* Build configuration list for PBXNativeTarget "TableViewBindersTests" */;
			buildPhases = (
				173B4B5F27A9703C00A0ED76 /* Sources */,
				173B4B6027A9703C00A0ED76 /* Frameworks */,
				173B4B6127A9703C00A0ED76 /* Resources */,
			);
			buildRules = (
			);
			dependencies = (
				173B4B6527A9703C00A0ED76 /* PBXTargetDependency */,
			);
			name = TableViewBindersTests;
			productName = TableViewBindersTests;
			productReference = 173B4B6327A9703C00A0ED76 /* TableViewBindersTests.xctest */;
			productType = "com.apple.product-type.bundle.unit-test";
		};
		173B4B6C27A9703D00A0ED76 /* TableViewBindersUITests */ = {
			isa = PBXNativeTarget;
			buildConfigurationList = 173B4B7D27A9703D00A0ED76 /* Build configuration list for PBXNativeTarget "TableViewBindersUITests" */;
			buildPhases = (
				173B4B6927A9703D00A0ED76 /* Sources */,
				173B4B6A27A9703D00A0ED76 /* Frameworks */,
				173B4B6B27A9703D00A0ED76 /* Resources */,
			);
			buildRules = (
			);
			dependencies = (
				173B4B6F27A9703D00A0ED76 /* PBXTargetDependency */,
			);
			name = TableViewBindersUITests;
			productName = TableViewBindersUITests;
			productReference = 173B4B6D27A9703D00A0ED76 /* TableViewBindersUITests.xctest */;
			productType = "com.apple.product-type.bundle.ui-testing";
		};
/* End PBXNativeTarget section */

/* Begin PBXProject section */
		173B4B4527A9703B00A0ED76 /* Project object */ = {
			isa = PBXProject;
			attributes = {
				BuildIndependentTargetsInParallel = 1;
				LastSwiftUpdateCheck = 1320;
				LastUpgradeCheck = 1320;
				TargetAttributes = {
					173B4B4C27A9703B00A0ED76 = {
						CreatedOnToolsVersion = 13.2.1;
					};
					173B4B6227A9703C00A0ED76 = {
						CreatedOnToolsVersion = 13.2.1;
						TestTargetID = 173B4B4C27A9703B00A0ED76;
					};
					173B4B6C27A9703D00A0ED76 = {
						CreatedOnToolsVersion = 13.2.1;
						TestTargetID = 173B4B4C27A9703B00A0ED76;
					};
				};
			};
			buildConfigurationList = 173B4B4827A9703B00A0ED76 /* Build configuration list for PBXProject "TableViewBinders" */;
			compatibilityVersion = "Xcode 13.0";
			developmentRegion = en;
			hasScannedForEncodings = 0;
			knownRegions = (
				en,
				Base,
			);
			mainGroup = 173B4B4427A9703B00A0ED76;
			productRefGroup = 173B4B4E27A9703B00A0ED76 /* Products */;
			projectDirPath = "";
			projectRoot = "";
			targets = (
				173B4B4C27A9703B00A0ED76 /* TableViewBinders */,
				173B4B6227A9703C00A0ED76 /* TableViewBindersTests */,
				173B4B6C27A9703D00A0ED76 /* TableViewBindersUITests */,
			);
		};
/* End PBXProject section */

/* Begin PBXResourcesBuildPhase section */
		173B4B4B27A9703B00A0ED76 /* Resources */ = {
			isa = PBXResourcesBuildPhase;
			buildActionMask = 2147483647;
			files = (
				173B4B5D27A9703C00A0ED76 /* LaunchScreen.storyboard in Resources */,
				173B4B5A27A9703C00A0ED76 /* Assets.xcassets in Resources */,
				F7C4CE5527AA6CB200C655BC /* ImageCellBinderTableViewCell.xib in Resources */,
				173B4B5827A9703B00A0ED76 /* Main.storyboard in Resources */,
				F7C4CE5C27AA6E5700C655BC /* TitleCellBinderTableViewCell.xib in Resources */,
			);
			runOnlyForDeploymentPostprocessing = 0;
		};
		173B4B6127A9703C00A0ED76 /* Resources */ = {
			isa = PBXResourcesBuildPhase;
			buildActionMask = 2147483647;
			files = (
			);
			runOnlyForDeploymentPostprocessing = 0;
		};
		173B4B6B27A9703D00A0ED76 /* Resources */ = {
			isa = PBXResourcesBuildPhase;
			buildActionMask = 2147483647;
			files = (
			);
			runOnlyForDeploymentPostprocessing = 0;
		};
/* End PBXResourcesBuildPhase section */

/* Begin PBXSourcesBuildPhase section */
		173B4B4927A9703B00A0ED76 /* Sources */ = {
			isa = PBXSourcesBuildPhase;
			buildActionMask = 2147483647;
			files = (
				F7C4CE6827AAB81800C655BC /* TableViewCellReusable.swift in Sources */,
				F7FD0F09288E551F002A8C98 /* Cache.swift in Sources */,
				F7FD0F05288E519D002A8C98 /* SafeAssert.swift in Sources */,
				F7C4CE5B27AA6E5700C655BC /* TitleCellBinderTableViewCell.swift in Sources */,
				173B4B5527A9703B00A0ED76 /* ViewController.swift in Sources */,
				F7C4CE5E27AA6E7C00C655BC /* TitleCellBinderModel.swift in Sources */,
				F7C4CE5727AA6CEA00C655BC /* ImageCellBinderModel.swift in Sources */,
				173B4B5127A9703B00A0ED76 /* AppDelegate.swift in Sources */,
				173B4B8227A971D600A0ED76 /* Functional.swift in Sources */,
				F7C4CE5427AA6CB200C655BC /* ImageCellBinderTableViewCell.swift in Sources */,
				173B4B8D27A973AD00A0ED76 /* BinderDataSource.swift in Sources */,
				173B4B8927A9729700A0ED76 /* BinderCell.swift in Sources */,
				173B4B5327A9703B00A0ED76 /* SceneDelegate.swift in Sources */,
				F7FD0F07288E54DD002A8C98 /* ImageView.swift in Sources */,
				173B4B8B27A972A100A0ED76 /* BinderModel.swift in Sources */,
			);
			runOnlyForDeploymentPostprocessing = 0;
		};
		173B4B5F27A9703C00A0ED76 /* Sources */ = {
			isa = PBXSourcesBuildPhase;
			buildActionMask = 2147483647;
			files = (
				173B4B6827A9703D00A0ED76 /* TableViewBindersTests.swift in Sources */,
			);
			runOnlyForDeploymentPostprocessing = 0;
		};
		173B4B6927A9703D00A0ED76 /* Sources */ = {
			isa = PBXSourcesBuildPhase;
			buildActionMask = 2147483647;
			files = (
				173B4B7427A9703D00A0ED76 /* TableViewBindersUITestsLaunchTests.swift in Sources */,
				173B4B7227A9703D00A0ED76 /* TableViewBindersUITests.swift in Sources */,
			);
			runOnlyForDeploymentPostprocessing = 0;
		};
/* End PBXSourcesBuildPhase section */

/* Begin PBXTargetDependency section */
		173B4B6527A9703C00A0ED76 /* PBXTargetDependency */ = {
			isa = PBXTargetDependency;
			target = 173B4B4C27A9703B00A0ED76 /* TableViewBinders */;
			targetProxy = 173B4B6427A9703C00A0ED76 /* PBXContainerItemProxy */;
		};
		173B4B6F27A9703D00A0ED76 /* PBXTargetDependency */ = {
			isa = PBXTargetDependency;
			target = 173B4B4C27A9703B00A0ED76 /* TableViewBinders */;
			targetProxy = 173B4B6E27A9703D00A0ED76 /* PBXContainerItemProxy */;
		};
/* End PBXTargetDependency section */

/* Begin PBXVariantGroup section */
		173B4B5627A9703B00A0ED76 /* Main.storyboard */ = {
			isa = PBXVariantGroup;
			children = (
				173B4B5727A9703B00A0ED76 /* Base */,
			);
			name = Main.storyboard;
			sourceTree = "<group>";
		};
		173B4B5B27A9703C00A0ED76 /* LaunchScreen.storyboard */ = {
			isa = PBXVariantGroup;
			children = (
				173B4B5C27A9703C00A0ED76 /* Base */,
			);
			name = LaunchScreen.storyboard;
			sourceTree = "<group>";
		};
/* End PBXVariantGroup section */

/* Begin XCBuildConfiguration section */
		173B4B7527A9703D00A0ED76 /* Debug */ = {
			isa = XCBuildConfiguration;
			buildSettings = {
				ALWAYS_SEARCH_USER_PATHS = NO;
				CLANG_ANALYZER_NONNULL = YES;
				CLANG_ANALYZER_NUMBER_OBJECT_CONVERSION = YES_AGGRESSIVE;
				CLANG_CXX_LANGUAGE_STANDARD = "gnu++17";
				CLANG_CXX_LIBRARY = "libc++";
				CLANG_ENABLE_MODULES = YES;
				CLANG_ENABLE_OBJC_ARC = YES;
				CLANG_ENABLE_OBJC_WEAK = YES;
				CLANG_WARN_BLOCK_CAPTURE_AUTORELEASING = YES;
				CLANG_WARN_BOOL_CONVERSION = YES;
				CLANG_WARN_COMMA = YES;
				CLANG_WARN_CONSTANT_CONVERSION = YES;
				CLANG_WARN_DEPRECATED_OBJC_IMPLEMENTATIONS = YES;
				CLANG_WARN_DIRECT_OBJC_ISA_USAGE = YES_ERROR;
				CLANG_WARN_DOCUMENTATION_COMMENTS = YES;
				CLANG_WARN_EMPTY_BODY = YES;
				CLANG_WARN_ENUM_CONVERSION = YES;
				CLANG_WARN_INFINITE_RECURSION = YES;
				CLANG_WARN_INT_CONVERSION = YES;
				CLANG_WARN_NON_LITERAL_NULL_CONVERSION = YES;
				CLANG_WARN_OBJC_IMPLICIT_RETAIN_SELF = YES;
				CLANG_WARN_OBJC_LITERAL_CONVERSION = YES;
				CLANG_WARN_OBJC_ROOT_CLASS = YES_ERROR;
				CLANG_WARN_QUOTED_INCLUDE_IN_FRAMEWORK_HEADER = YES;
				CLANG_WARN_RANGE_LOOP_ANALYSIS = YES;
				CLANG_WARN_STRICT_PROTOTYPES = YES;
				CLANG_WARN_SUSPICIOUS_MOVE = YES;
				CLANG_WARN_UNGUARDED_AVAILABILITY = YES_AGGRESSIVE;
				CLANG_WARN_UNREACHABLE_CODE = YES;
				CLANG_WARN__DUPLICATE_METHOD_MATCH = YES;
				COPY_PHASE_STRIP = NO;
				DEBUG_INFORMATION_FORMAT = dwarf;
				ENABLE_STRICT_OBJC_MSGSEND = YES;
				ENABLE_TESTABILITY = YES;
				GCC_C_LANGUAGE_STANDARD = gnu11;
				GCC_DYNAMIC_NO_PIC = NO;
				GCC_NO_COMMON_BLOCKS = YES;
				GCC_OPTIMIZATION_LEVEL = 0;
				GCC_PREPROCESSOR_DEFINITIONS = (
					"DEBUG=1",
					"$(inherited)",
				);
				GCC_WARN_64_TO_32_BIT_CONVERSION = YES;
				GCC_WARN_ABOUT_RETURN_TYPE = YES_ERROR;
				GCC_WARN_UNDECLARED_SELECTOR = YES;
				GCC_WARN_UNINITIALIZED_AUTOS = YES_AGGRESSIVE;
				GCC_WARN_UNUSED_FUNCTION = YES;
				GCC_WARN_UNUSED_VARIABLE = YES;
				IPHONEOS_DEPLOYMENT_TARGET = 15.2;
				MTL_ENABLE_DEBUG_INFO = INCLUDE_SOURCE;
				MTL_FAST_MATH = YES;
				ONLY_ACTIVE_ARCH = YES;
				SDKROOT = iphoneos;
				SWIFT_ACTIVE_COMPILATION_CONDITIONS = DEBUG;
				SWIFT_OPTIMIZATION_LEVEL = "-Onone";
			};
			name = Debug;
		};
		173B4B7627A9703D00A0ED76 /* Release */ = {
			isa = XCBuildConfiguration;
			buildSettings = {
				ALWAYS_SEARCH_USER_PATHS = NO;
				CLANG_ANALYZER_NONNULL = YES;
				CLANG_ANALYZER_NUMBER_OBJECT_CONVERSION = YES_AGGRESSIVE;
				CLANG_CXX_LANGUAGE_STANDARD = "gnu++17";
				CLANG_CXX_LIBRARY = "libc++";
				CLANG_ENABLE_MODULES = YES;
				CLANG_ENABLE_OBJC_ARC = YES;
				CLANG_ENABLE_OBJC_WEAK = YES;
				CLANG_WARN_BLOCK_CAPTURE_AUTORELEASING = YES;
				CLANG_WARN_BOOL_CONVERSION = YES;
				CLANG_WARN_COMMA = YES;
				CLANG_WARN_CONSTANT_CONVERSION = YES;
				CLANG_WARN_DEPRECATED_OBJC_IMPLEMENTATIONS = YES;
				CLANG_WARN_DIRECT_OBJC_ISA_USAGE = YES_ERROR;
				CLANG_WARN_DOCUMENTATION_COMMENTS = YES;
				CLANG_WARN_EMPTY_BODY = YES;
				CLANG_WARN_ENUM_CONVERSION = YES;
				CLANG_WARN_INFINITE_RECURSION = YES;
				CLANG_WARN_INT_CONVERSION = YES;
				CLANG_WARN_NON_LITERAL_NULL_CONVERSION = YES;
				CLANG_WARN_OBJC_IMPLICIT_RETAIN_SELF = YES;
				CLANG_WARN_OBJC_LITERAL_CONVERSION = YES;
				CLANG_WARN_OBJC_ROOT_CLASS = YES_ERROR;
				CLANG_WARN_QUOTED_INCLUDE_IN_FRAMEWORK_HEADER = YES;
				CLANG_WARN_RANGE_LOOP_ANALYSIS = YES;
				CLANG_WARN_STRICT_PROTOTYPES = YES;
				CLANG_WARN_SUSPICIOUS_MOVE = YES;
				CLANG_WARN_UNGUARDED_AVAILABILITY = YES_AGGRESSIVE;
				CLANG_WARN_UNREACHABLE_CODE = YES;
				CLANG_WARN__DUPLICATE_METHOD_MATCH = YES;
				COPY_PHASE_STRIP = NO;
				DEBUG_INFORMATION_FORMAT = "dwarf-with-dsym";
				ENABLE_NS_ASSERTIONS = NO;
				ENABLE_STRICT_OBJC_MSGSEND = YES;
				GCC_C_LANGUAGE_STANDARD = gnu11;
				GCC_NO_COMMON_BLOCKS = YES;
				GCC_WARN_64_TO_32_BIT_CONVERSION = YES;
				GCC_WARN_ABOUT_RETURN_TYPE = YES_ERROR;
				GCC_WARN_UNDECLARED_SELECTOR = YES;
				GCC_WARN_UNINITIALIZED_AUTOS = YES_AGGRESSIVE;
				GCC_WARN_UNUSED_FUNCTION = YES;
				GCC_WARN_UNUSED_VARIABLE = YES;
				IPHONEOS_DEPLOYMENT_TARGET = 15.2;
				MTL_ENABLE_DEBUG_INFO = NO;
				MTL_FAST_MATH = YES;
				SDKROOT = iphoneos;
				SWIFT_COMPILATION_MODE = wholemodule;
				SWIFT_OPTIMIZATION_LEVEL = "-O";
				VALIDATE_PRODUCT = YES;
			};
			name = Release;
		};
		173B4B7827A9703D00A0ED76 /* Debug */ = {
			isa = XCBuildConfiguration;
			buildSettings = {
				ASSETCATALOG_COMPILER_APPICON_NAME = AppIcon;
				ASSETCATALOG_COMPILER_GLOBAL_ACCENT_COLOR_NAME = AccentColor;
				CODE_SIGN_STYLE = Automatic;
				CURRENT_PROJECT_VERSION = 1;
				DEVELOPMENT_TEAM = K8A9GZ95QZ;
				GENERATE_INFOPLIST_FILE = YES;
				INFOPLIST_FILE = TableViewBinders/Info.plist;
				INFOPLIST_KEY_UIApplicationSupportsIndirectInputEvents = YES;
				INFOPLIST_KEY_UILaunchStoryboardName = LaunchScreen;
				INFOPLIST_KEY_UIMainStoryboardFile = Main;
				INFOPLIST_KEY_UISupportedInterfaceOrientations_iPad = "UIInterfaceOrientationPortrait UIInterfaceOrientationPortraitUpsideDown UIInterfaceOrientationLandscapeLeft UIInterfaceOrientationLandscapeRight";
				INFOPLIST_KEY_UISupportedInterfaceOrientations_iPhone = "UIInterfaceOrientationPortrait UIInterfaceOrientationLandscapeLeft UIInterfaceOrientationLandscapeRight";
				LD_RUNPATH_SEARCH_PATHS = (
					"$(inherited)",
					"@executable_path/Frameworks",
				);
				MARKETING_VERSION = 1.0;
				PRODUCT_BUNDLE_IDENTIFIER = com.binders.kostas.TableViewBinders;
				PRODUCT_NAME = "$(TARGET_NAME)";
				SWIFT_EMIT_LOC_STRINGS = YES;
				SWIFT_VERSION = 5.0;
				TARGETED_DEVICE_FAMILY = "1,2";
			};
			name = Debug;
		};
		173B4B7927A9703D00A0ED76 /* Release */ = {
			isa = XCBuildConfiguration;
			buildSettings = {
				ASSETCATALOG_COMPILER_APPICON_NAME = AppIcon;
				ASSETCATALOG_COMPILER_GLOBAL_ACCENT_COLOR_NAME = AccentColor;
				CODE_SIGN_STYLE = Automatic;
				CURRENT_PROJECT_VERSION = 1;
				DEVELOPMENT_TEAM = K8A9GZ95QZ;
				GENERATE_INFOPLIST_FILE = YES;
				INFOPLIST_FILE = TableViewBinders/Info.plist;
				INFOPLIST_KEY_UIApplicationSupportsIndirectInputEvents = YES;
				INFOPLIST_KEY_UILaunchStoryboardName = LaunchScreen;
				INFOPLIST_KEY_UIMainStoryboardFile = Main;
				INFOPLIST_KEY_UISupportedInterfaceOrientations_iPad = "UIInterfaceOrientationPortrait UIInterfaceOrientationPortraitUpsideDown UIInterfaceOrientationLandscapeLeft UIInterfaceOrientationLandscapeRight";
				INFOPLIST_KEY_UISupportedInterfaceOrientations_iPhone = "UIInterfaceOrientationPortrait UIInterfaceOrientationLandscapeLeft UIInterfaceOrientationLandscapeRight";
				LD_RUNPATH_SEARCH_PATHS = (
					"$(inherited)",
					"@executable_path/Frameworks",
				);
				MARKETING_VERSION = 1.0;
				PRODUCT_BUNDLE_IDENTIFIER = com.binders.kostas.TableViewBinders;
				PRODUCT_NAME = "$(TARGET_NAME)";
				SWIFT_EMIT_LOC_STRINGS = YES;
				SWIFT_VERSION = 5.0;
				TARGETED_DEVICE_FAMILY = "1,2";
			};
			name = Release;
		};
		173B4B7B27A9703D00A0ED76 /* Debug */ = {
			isa = XCBuildConfiguration;
			buildSettings = {
				ALWAYS_EMBED_SWIFT_STANDARD_LIBRARIES = YES;
				BUNDLE_LOADER = "$(TEST_HOST)";
				CODE_SIGN_STYLE = Automatic;
				CURRENT_PROJECT_VERSION = 1;
				DEVELOPMENT_TEAM = K8A9GZ95QZ;
				GENERATE_INFOPLIST_FILE = YES;
				IPHONEOS_DEPLOYMENT_TARGET = 15.2;
				MARKETING_VERSION = 1.0;
				PRODUCT_BUNDLE_IDENTIFIER = com.binders.kostas.TableViewBindersTests;
				PRODUCT_NAME = "$(TARGET_NAME)";
				SWIFT_EMIT_LOC_STRINGS = NO;
				SWIFT_VERSION = 5.0;
				TARGETED_DEVICE_FAMILY = "1,2";
				TEST_HOST = "$(BUILT_PRODUCTS_DIR)/TableViewBinders.app/TableViewBinders";
			};
			name = Debug;
		};
		173B4B7C27A9703D00A0ED76 /* Release */ = {
			isa = XCBuildConfiguration;
			buildSettings = {
				ALWAYS_EMBED_SWIFT_STANDARD_LIBRARIES = YES;
				BUNDLE_LOADER = "$(TEST_HOST)";
				CODE_SIGN_STYLE = Automatic;
				CURRENT_PROJECT_VERSION = 1;
				DEVELOPMENT_TEAM = K8A9GZ95QZ;
				GENERATE_INFOPLIST_FILE = YES;
				IPHONEOS_DEPLOYMENT_TARGET = 15.2;
				MARKETING_VERSION = 1.0;
				PRODUCT_BUNDLE_IDENTIFIER = com.binders.kostas.TableViewBindersTests;
				PRODUCT_NAME = "$(TARGET_NAME)";
				SWIFT_EMIT_LOC_STRINGS = NO;
				SWIFT_VERSION = 5.0;
				TARGETED_DEVICE_FAMILY = "1,2";
				TEST_HOST = "$(BUILT_PRODUCTS_DIR)/TableViewBinders.app/TableViewBinders";
			};
			name = Release;
		};
		173B4B7E27A9703D00A0ED76 /* Debug */ = {
			isa = XCBuildConfiguration;
			buildSettings = {
				ALWAYS_EMBED_SWIFT_STANDARD_LIBRARIES = YES;
				CODE_SIGN_STYLE = Automatic;
				CURRENT_PROJECT_VERSION = 1;
				DEVELOPMENT_TEAM = K8A9GZ95QZ;
				GENERATE_INFOPLIST_FILE = YES;
				MARKETING_VERSION = 1.0;
				PRODUCT_BUNDLE_IDENTIFIER = com.binders.kostas.TableViewBindersUITests;
				PRODUCT_NAME = "$(TARGET_NAME)";
				SWIFT_EMIT_LOC_STRINGS = NO;
				SWIFT_VERSION = 5.0;
				TARGETED_DEVICE_FAMILY = "1,2";
				TEST_TARGET_NAME = TableViewBinders;
			};
			name = Debug;
		};
		173B4B7F27A9703D00A0ED76 /* Release */ = {
			isa = XCBuildConfiguration;
			buildSettings = {
				ALWAYS_EMBED_SWIFT_STANDARD_LIBRARIES = YES;
				CODE_SIGN_STYLE = Automatic;
				CURRENT_PROJECT_VERSION = 1;
				DEVELOPMENT_TEAM = K8A9GZ95QZ;
				GENERATE_INFOPLIST_FILE = YES;
				MARKETING_VERSION = 1.0;
				PRODUCT_BUNDLE_IDENTIFIER = com.binders.kostas.TableViewBindersUITests;
				PRODUCT_NAME = "$(TARGET_NAME)";
				SWIFT_EMIT_LOC_STRINGS = NO;
				SWIFT_VERSION = 5.0;
				TARGETED_DEVICE_FAMILY = "1,2";
				TEST_TARGET_NAME = TableViewBinders;
			};
			name = Release;
		};
/* End XCBuildConfiguration section */

/* Begin XCConfigurationList section */
		173B4B4827A9703B00A0ED76 /* Build configuration list for PBXProject "TableViewBinders" */ = {
			isa = XCConfigurationList;
			buildConfigurations = (
				173B4B7527A9703D00A0ED76 /* Debug */,
				173B4B7627A9703D00A0ED76 /* Release */,
			);
			defaultConfigurationIsVisible = 0;
			defaultConfigurationName = Release;
		};
		173B4B7727A9703D00A0ED76 /* Build configuration list for PBXNativeTarget "TableViewBinders" */ = {
			isa = XCConfigurationList;
			buildConfigurations = (
				173B4B7827A9703D00A0ED76 /* Debug */,
				173B4B7927A9703D00A0ED76 /* Release */,
			);
			defaultConfigurationIsVisible = 0;
			defaultConfigurationName = Release;
		};
		173B4B7A27A9703D00A0ED76 /* Build configuration list for PBXNativeTarget "TableViewBindersTests" */ = {
			isa = XCConfigurationList;
			buildConfigurations = (
				173B4B7B27A9703D00A0ED76 /* Debug */,
				173B4B7C27A9703D00A0ED76 /* Release */,
			);
			defaultConfigurationIsVisible = 0;
			defaultConfigurationName = Release;
		};
		173B4B7D27A9703D00A0ED76 /* Build configuration list for PBXNativeTarget "TableViewBindersUITests" */ = {
			isa = XCConfigurationList;
			buildConfigurations = (
				173B4B7E27A9703D00A0ED76 /* Debug */,
				173B4B7F27A9703D00A0ED76 /* Release */,
			);
			defaultConfigurationIsVisible = 0;
			defaultConfigurationName = Release;
		};
/* End XCConfigurationList section */
	};
	rootObject = 173B4B4527A9703B00A0ED76 /* Project object */;
}
